
Microsoft Visual Studio Solution File, Format Version 12.00
# Visual Studio Version 17
VisualStudioVersion = 17.9.34728.123
MinimumVisualStudioVersion = 10.0.40219.1
Project("{FAE04EC0-301F-11D3-BF4B-00C04F79EFBC}") = "Bookshop", "Bookshop\Bookshop.csproj", "{C4E85C5D-96A4-41C8-8DA9-7813959005D8}"
EndProject
Project("{9A19103F-16F7-4668-BE54-9A1E7A4F7556}") = "BookshopTest", "BookshopTest\BookshopTest.csproj", "{22CD6EB4-2169-4CF4-AF9E-70D41B99174F}"
EndProject
Global
	GlobalSection(SolutionConfigurationPlatforms) = preSolution
		Debug|Any CPU = Debug|Any CPU
		Release|Any CPU = Release|Any CPU
	EndGlobalSection
	GlobalSection(ProjectConfigurationPlatforms) = postSolution
		{C4E85C5D-96A4-41C8-8DA9-7813959005D8}.Debug|Any CPU.ActiveCfg = Debug|Any CPU
		{C4E85C5D-96A4-41C8-8DA9-7813959005D8}.Debug|Any CPU.Build.0 = Debug|Any CPU
		{C4E85C5D-96A4-41C8-8DA9-7813959005D8}.Release|Any CPU.ActiveCfg = Release|Any CPU
		{C4E85C5D-96A4-41C8-8DA9-7813959005D8}.Release|Any CPU.Build.0 = Release|Any CPU
		{22CD6EB4-2169-4CF4-AF9E-70D41B99174F}.Debug|Any CPU.ActiveCfg = Debug|Any CPU
		{22CD6EB4-2169-4CF4-AF9E-70D41B99174F}.Debug|Any CPU.Build.0 = Debug|Any CPU
		{22CD6EB4-2169-4CF4-AF9E-70D41B99174F}.Release|Any CPU.ActiveCfg = Release|Any CPU
		{22CD6EB4-2169-4CF4-AF9E-70D41B99174F}.Release|Any CPU.Build.0 = Release|Any CPU
	EndGlobalSection
	GlobalSection(SolutionProperties) = preSolution
		HideSolutionNode = FALSE
	EndGlobalSection
	GlobalSection(ExtensibilityGlobals) = postSolution
		SolutionGuid = {8D170468-5A23-45B8-9BDA-41CB452D73B7}
	EndGlobalSection
EndGlobal
