
Microsoft Visual Studio Solution File, Format Version 12.00
# Visual Studio Version 17
VisualStudioVersion = 17.9.34616.47
MinimumVisualStudioVersion = 10.0.40219.1
Project("{9A19103F-16F7-4668-BE54-9A1E7A4F7556}") = "Task-0", "Task-0\Task-0.csproj", "{DC03D1A8-A3F4-4E7A-8050-14BE0BAE2E4A}"
EndProject
Project("{FAE04EC0-301F-11D3-BF4B-00C04F79EFBC}") = "CalculatorTest", "CalculatorTest\CalculatorTest.csproj", "{C6E40DE1-A860-4768-B21D-1F33CA7A102D}"
EndProject
Global
	GlobalSection(SolutionConfigurationPlatforms) = preSolution
		Debug|Any CPU = Debug|Any CPU
		Release|Any CPU = Release|Any CPU
	EndGlobalSection
	GlobalSection(ProjectConfigurationPlatforms) = postSolution
		{DC03D1A8-A3F4-4E7A-8050-14BE0BAE2E4A}.Debug|Any CPU.ActiveCfg = Debug|Any CPU
		{DC03D1A8-A3F4-4E7A-8050-14BE0BAE2E4A}.Debug|Any CPU.Build.0 = Debug|Any CPU
		{DC03D1A8-A3F4-4E7A-8050-14BE0BAE2E4A}.Release|Any CPU.ActiveCfg = Release|Any CPU
		{DC03D1A8-A3F4-4E7A-8050-14BE0BAE2E4A}.Release|Any CPU.Build.0 = Release|Any CPU
		{C6E40DE1-A860-4768-B21D-1F33CA7A102D}.Debug|Any CPU.ActiveCfg = Debug|Any CPU
		{C6E40DE1-A860-4768-B21D-1F33CA7A102D}.Debug|Any CPU.Build.0 = Debug|Any CPU
		{C6E40DE1-A860-4768-B21D-1F33CA7A102D}.Release|Any CPU.ActiveCfg = Release|Any CPU
		{C6E40DE1-A860-4768-B21D-1F33CA7A102D}.Release|Any CPU.Build.0 = Release|Any CPU
	EndGlobalSection
	GlobalSection(SolutionProperties) = preSolution
		HideSolutionNode = FALSE
	EndGlobalSection
	GlobalSection(ExtensibilityGlobals) = postSolution
		SolutionGuid = {CCE1C6A6-8A1A-4188-BFDC-EFD31E229C2A}
	EndGlobalSection
EndGlobal
